
Microsoft Visual Studio Solution File, Format Version 12.00
# Visual Studio 15
VisualStudioVersion = 15.0.28010.2041
MinimumVisualStudioVersion = 10.0.40219.1
Project("{FAE04EC0-301F-11D3-BF4B-00C04F79EFBC}") = "ProcuraServicosWebApi", "ProcuraServicosWebApi\ProcuraServicosWebApi.csproj", "{3DC72249-A44B-4204-9CD5-AA4EF428B4BC}"
EndProject
Global
	GlobalSection(SolutionConfigurationPlatforms) = preSolution
		Debug|Any CPU = Debug|Any CPU
		Release|Any CPU = Release|Any CPU
	EndGlobalSection
	GlobalSection(ProjectConfigurationPlatforms) = postSolution
		{3DC72249-A44B-4204-9CD5-AA4EF428B4BC}.Debug|Any CPU.ActiveCfg = Debug|Any CPU
		{3DC72249-A44B-4204-9CD5-AA4EF428B4BC}.Debug|Any CPU.Build.0 = Debug|Any CPU
		{3DC72249-A44B-4204-9CD5-AA4EF428B4BC}.Release|Any CPU.ActiveCfg = Release|Any CPU
		{3DC72249-A44B-4204-9CD5-AA4EF428B4BC}.Release|Any CPU.Build.0 = Release|Any CPU
	EndGlobalSection
	GlobalSection(SolutionProperties) = preSolution
		HideSolutionNode = FALSE
	EndGlobalSection
	GlobalSection(ExtensibilityGlobals) = postSolution
		SolutionGuid = {4AFBA81E-56CA-4E99-BCEA-A7B73E1A6AD0}
	EndGlobalSection
EndGlobal
